<?xml version="1.0" encoding="utf-8"?>
<Project ToolsVersion="4.0" xmlns="http://schemas.microsoft.com/developer/msbuild/2003">
  <ItemGroup>
    <Filter Include="Source Files">
      <UniqueIdentifier>{4FC737F1-C7A5-4376-A066-2A32D752A2FF}</UniqueIdentifier>
      <Extensions>cpp;c;cc;cxx;c++;cppm;ixx;def;odl;idl;hpj;bat;asm;asmx</Extensions>
    </Filter>
    <Filter Include="Header Files">
      <UniqueIdentifier>{93995380-89BD-4b04-88EB-625FBE52EBFB}</UniqueIdentifier>
      <Extensions>h;hh;hpp;hxx;h++;hm;inl;inc;ipp;xsd</Extensions>
    </Filter>
    <Filter Include="Source Files\Resource Files">
      <UniqueIdentifier>{67DA6AB6-F800-4c08-8B7A-83BB121AAD01}</UniqueIdentifier>
      <Extensions>rc;ico;cur;bmp;dlg;rc2;rct;bin;rgs;gif;jpg;jpeg;jpe;resx;tiff;tif;png;wav;mfcribbon-ms</Extensions>
    </Filter>
  </ItemGroup>
  <ItemGroup>
    <None Include="packages.config" />
  </ItemGroup>
  <ItemGroup>
    <ClInclude Include="main.h">
      <Filter>Header Files</Filter>
    </ClInclude>
    <ClInclude Include="Game.h">
      <Filter>Header Files</Filter>
    </ClInclude>
    <ClInclude Include="LoaderParams.h">
      <Filter>Header Files</Filter>
    </ClInclude>
    <ClInclude Include="GameObject.h">
      <Filter>Header Files</Filter>
    </ClInclude>
    <ClInclude Include="SDLGameObject.h">
      <Filter>Header Files</Filter>
    </ClInclude>
    <ClInclude Include="TextureManager.h">
      <Filter>Header Files</Filter>
    </ClInclude>
    <ClInclude Include="Vector2D.h">
      <Filter>Header Files</Filter>
    </ClInclude>
    <ClInclude Include="GameStateMachine.h">
      <Filter>Header Files</Filter>
    </ClInclude>
    <ClInclude Include="GameState.h">
      <Filter>Header Files</Filter>
    </ClInclude>
    <ClInclude Include="InputHandler.h">
      <Filter>Header Files</Filter>
    </ClInclude>
    <ClInclude Include="MenuState.h">
      <Filter>Header Files</Filter>
    </ClInclude>
    <ClInclude Include="MenuButton.h">
      <Filter>Header Files</Filter>
    </ClInclude>
    <ClInclude Include="PlayState.h">
      <Filter>Header Files</Filter>
    </ClInclude>
    <ClInclude Include="PauseState.h">
      <Filter>Header Files</Filter>
    </ClInclude>
    <ClInclude Include="GameOverState.h">
      <Filter>Header Files</Filter>
    </ClInclude>
    <ClInclude Include="AnimatedGraphic.h">
      <Filter>Header Files</Filter>
    </ClInclude>
    <ClInclude Include="Body.h">
      <Filter>Header Files</Filter>
    </ClInclude>
    <ClInclude Include="Snake.h">
      <Filter>Header Files</Filter>
    </ClInclude>
    <ClInclude Include="Fruit.h">
      <Filter>Header Files</Filter>
    </ClInclude>
    <ClInclude Include="AudioPlayer.h">
      <Filter>Header Files</Filter>
    </ClInclude>
    <ClInclude Include="SoundManager.h">
      <Filter>Header Files</Filter>
    </ClInclude>
  </ItemGroup>
  <ItemGroup>
    <ClCompile Include="main.cpp">
      <Filter>Source Files</Filter>
    </ClCompile>
    <ClCompile Include="Game.cpp">
      <Filter>Source Files</Filter>
    </ClCompile>
    <ClCompile Include="LoaderParams.cpp">
      <Filter>Source Files</Filter>
    </ClCompile>
    <ClCompile Include="GameObject.cpp">
      <Filter>Source Files</Filter>
    </ClCompile>
    <ClCompile Include="SDLGameObject.cpp">
      <Filter>Source Files</Filter>
    </ClCompile>
    <ClCompile Include="TextureManager.cpp">
      <Filter>Source Files</Filter>
    </ClCompile>
    <ClCompile Include="Vector2D.cpp">
      <Filter>Source Files</Filter>
    </ClCompile>
    <ClCompile Include="GameStateMachine.cpp">
      <Filter>Source Files</Filter>
    </ClCompile>
    <ClCompile Include="GameState.cpp">
      <Filter>Source Files</Filter>
    </ClCompile>
    <ClCompile Include="InputHandler.cpp">
      <Filter>Source Files</Filter>
    </ClCompile>
    <ClCompile Include="MenuState.cpp">
      <Filter>Source Files</Filter>
    </ClCompile>
    <ClCompile Include="MenuButton.cpp">
      <Filter>Source Files</Filter>
    </ClCompile>
    <ClCompile Include="PlayState.cpp">
      <Filter>Source Files</Filter>
    </ClCompile>
    <ClCompile Include="PauseState.cpp">
      <Filter>Source Files</Filter>
    </ClCompile>
    <ClCompile Include="GameOverState.cpp">
      <Filter>Source Files</Filter>
    </ClCompile>
    <ClCompile Include="AnimatedGraphic.cpp">
      <Filter>Source Files</Filter>
    </ClCompile>
    <ClCompile Include="Body.cpp">
      <Filter>Source Files</Filter>
    </ClCompile>
    <ClCompile Include="Snake.cpp">
      <Filter>Source Files</Filter>
    </ClCompile>
    <ClCompile Include="Fruit.cpp">
      <Filter>Source Files</Filter>
    </ClCompile>
    <ClCompile Include="AudioPlayer.cpp">
      <Filter>Source Files</Filter>
    </ClCompile>
    <ClCompile Include="SoundManager.cpp">
      <Filter>Source Files</Filter>
    </ClCompile>
  </ItemGroup>
  <ItemGroup>
    <Image Include="assets\exit_button_spritesheet.png">
      <Filter>Source Files\Resource Files</Filter>
    </Image>
    <Image Include="assets\menu_button_spritesheet.png">
      <Filter>Source Files\Resource Files</Filter>
    </Image>
    <Image Include="assets\resume_button_spritesheet.png">
      <Filter>Source Files\Resource Files</Filter>
    </Image>
    <Image Include="assets\start_button_spritesheet.png">
      <Filter>Source Files\Resource Files</Filter>
    </Image>
    <Image Include="assets\naner.png">
      <Filter>Source Files\Resource Files</Filter>
    </Image>
    <Image Include="assets\fruit_sheet.png">
      <Filter>Source Files\Resource Files</Filter>
    </Image>
    <Image Include="assets\info.png">
      <Filter>Source Files\Resource Files</Filter>
    </Image>
    <Image Include="assets\menu_title.png">
      <Filter>Source Files\Resource Files</Filter>
    </Image>
    <Image Include="assets\number_sheet.png">
      <Filter>Source Files\Resource Files</Filter>
    </Image>
    <Image Include="assets\score.png">
      <Filter>Source Files\Resource Files</Filter>
    </Image>
    <Image Include="assets\background_menu.png">
      <Filter>Source Files\Resource Files</Filter>
    </Image>
    <Image Include="assets\playstate_background.png">
      <Filter>Source Files\Resource Files</Filter>
    </Image>
    <Image Include="assets\gameover_background.png">
      <Filter>Source Files\Resource Files</Filter>
    </Image>
    <Image Include="assets\number_sheet-300.png">
      <Filter>Source Files\Resource Files</Filter>
    </Image>
  </ItemGroup>
  <ItemGroup>
    <Media Include="assets\eat.wav">
      <Filter>Source Files\Resource Files</Filter>
    </Media>
    <Media Include="assets\game_over.wav">
      <Filter>Source Files\Resource Files</Filter>
    </Media>
  </ItemGroup>
</Project>